
Microsoft Visual Studio Solution File, Format Version 12.00
# Visual Studio 15
VisualStudioVersion = 15.0.28307.1231
MinimumVisualStudioVersion = 10.0.40219.1
Project("{888888A0-9F3D-457C-B088-3A5042F75D52}") = "LearningDjango", "LearningDjango\LearningDjango.pyproj", "{142B4EAA-7468-46A0-9366-920136C6DF6A}"
EndProject
Global
	GlobalSection(SolutionConfigurationPlatforms) = preSolution
		Debug|Any CPU = Debug|Any CPU
		Release|Any CPU = Release|Any CPU
	EndGlobalSection
	GlobalSection(ProjectConfigurationPlatforms) = postSolution
		{142B4EAA-7468-46A0-9366-920136C6DF6A}.Debug|Any CPU.ActiveCfg = Debug|Any CPU
		{142B4EAA-7468-46A0-9366-920136C6DF6A}.Debug|Any CPU.Build.0 = Debug|Any CPU
		{142B4EAA-7468-46A0-9366-920136C6DF6A}.Release|Any CPU.ActiveCfg = Release|Any CPU
		{142B4EAA-7468-46A0-9366-920136C6DF6A}.Release|Any CPU.Build.0 = Release|Any CPU
	EndGlobalSection
	GlobalSection(SolutionProperties) = preSolution
		HideSolutionNode = FALSE
	EndGlobalSection
	GlobalSection(ExtensibilityGlobals) = postSolution
		SolutionGuid = {9469D15D-0CDC-4559-B832-FBECDE7F52AD}
	EndGlobalSection
EndGlobal
